
Microsoft Visual Studio Solution File, Format Version 12.00
# Visual Studio Version 17
VisualStudioVersion = 17.7.34018.315
MinimumVisualStudioVersion = 10.0.40219.1
Project("{FAE04EC0-301F-11D3-BF4B-00C04F79EFBC}") = "Housing", "Housing\Housing.csproj", "{17EB5177-945E-47D8-B3D8-362D79685C5F}"
EndProject
Global
	GlobalSection(SolutionConfigurationPlatforms) = preSolution
		Debug|Any CPU = Debug|Any CPU
		Release|Any CPU = Release|Any CPU
	EndGlobalSection
	GlobalSection(ProjectConfigurationPlatforms) = postSolution
		{17EB5177-945E-47D8-B3D8-362D79685C5F}.Debug|Any CPU.ActiveCfg = Debug|Any CPU
		{17EB5177-945E-47D8-B3D8-362D79685C5F}.Debug|Any CPU.Build.0 = Debug|Any CPU
		{17EB5177-945E-47D8-B3D8-362D79685C5F}.Release|Any CPU.ActiveCfg = Release|Any CPU
		{17EB5177-945E-47D8-B3D8-362D79685C5F}.Release|Any CPU.Build.0 = Release|Any CPU
	EndGlobalSection
	GlobalSection(SolutionProperties) = preSolution
		HideSolutionNode = FALSE
	EndGlobalSection
	GlobalSection(ExtensibilityGlobals) = postSolution
		SolutionGuid = {D33EC5D1-11DE-4613-9B7B-FF6EF0BA78A8}
	EndGlobalSection
EndGlobal
